{
    "requires": true,
    "lockfileVersion": 1,
    "dependencies": {
        "@biomejs/biome": {
            "version": "1.9.4",
            "resolved": "https://registry.npmjs.org/@biomejs/biome/-/biome-1.9.4.tgz",
            "integrity": "sha512-1rkd7G70+o9KkTn5KLmDYXihGoTaIGO9PIIN2ZB7UJxFrWw04CZHPYiMRjYsaDvVV7hP1dYNRLxSANLaBFGpog==",
            "dev": true,
            "requires": {
                "@biomejs/cli-darwin-arm64": "1.9.4",
                "@biomejs/cli-darwin-x64": "1.9.4",
                "@biomejs/cli-linux-arm64": "1.9.4",
                "@biomejs/cli-linux-arm64-musl": "1.9.4",
                "@biomejs/cli-linux-x64": "1.9.4",
                "@biomejs/cli-linux-x64-musl": "1.9.4",
                "@biomejs/cli-win32-arm64": "1.9.4",
                "@biomejs/cli-win32-x64": "1.9.4"
            }
        },
        "@biomejs/cli-darwin-arm64": {
            "version": "1.9.4",
            "resolved": "https://registry.npmjs.org/@biomejs/cli-darwin-arm64/-/cli-darwin-arm64-1.9.4.tgz",
            "integrity": "sha512-bFBsPWrNvkdKrNCYeAp+xo2HecOGPAy9WyNyB/jKnnedgzl4W4Hb9ZMzYNbf8dMCGmUdSavlYHiR01QaYR58cw==",
            "dev": true,
            "optional": true
        },
        "@biomejs/cli-darwin-x64": {
            "version": "1.9.4",
            "resolved": "https://registry.npmjs.org/@biomejs/cli-darwin-x64/-/cli-darwin-x64-1.9.4.tgz",
            "integrity": "sha512-ngYBh/+bEedqkSevPVhLP4QfVPCpb+4BBe2p7Xs32dBgs7rh9nY2AIYUL6BgLw1JVXV8GlpKmb/hNiuIxfPfZg==",
            "dev": true,
            "optional": true
        },
        "@biomejs/cli-linux-arm64": {
            "version": "1.9.4",
            "resolved": "https://registry.npmjs.org/@biomejs/cli-linux-arm64/-/cli-linux-arm64-1.9.4.tgz",
            "integrity": "sha512-fJIW0+LYujdjUgJJuwesP4EjIBl/N/TcOX3IvIHJQNsAqvV2CHIogsmA94BPG6jZATS4Hi+xv4SkBBQSt1N4/g==",
            "dev": true,
            "optional": true
        },
        "@biomejs/cli-linux-arm64-musl": {
            "version": "1.9.4",
            "resolved": "https://registry.npmjs.org/@biomejs/cli-linux-arm64-musl/-/cli-linux-arm64-musl-1.9.4.tgz",
            "integrity": "sha512-v665Ct9WCRjGa8+kTr0CzApU0+XXtRgwmzIf1SeKSGAv+2scAlW6JR5PMFo6FzqqZ64Po79cKODKf3/AAmECqA==",
            "dev": true,
            "optional": true
        },
        "@biomejs/cli-linux-x64": {
            "version": "1.9.4",
            "resolved": "https://registry.npmjs.org/@biomejs/cli-linux-x64/-/cli-linux-x64-1.9.4.tgz",
            "integrity": "sha512-lRCJv/Vi3Vlwmbd6K+oQ0KhLHMAysN8lXoCI7XeHlxaajk06u7G+UsFSO01NAs5iYuWKmVZjmiOzJ0OJmGsMwg==",
            "dev": true,
            "optional": true
        },
        "@biomejs/cli-linux-x64-musl": {
            "version": "1.9.4",
            "resolved": "https://registry.npmjs.org/@biomejs/cli-linux-x64-musl/-/cli-linux-x64-musl-1.9.4.tgz",
            "integrity": "sha512-gEhi/jSBhZ2m6wjV530Yy8+fNqG8PAinM3oV7CyO+6c3CEh16Eizm21uHVsyVBEB6RIM8JHIl6AGYCv6Q6Q9Tg==",
            "dev": true,
            "optional": true
        },
        "@biomejs/cli-win32-arm64": {
            "version": "1.9.4",
            "resolved": "https://registry.npmjs.org/@biomejs/cli-win32-arm64/-/cli-win32-arm64-1.9.4.tgz",
            "integrity": "sha512-tlbhLk+WXZmgwoIKwHIHEBZUwxml7bRJgk0X2sPyNR3S93cdRq6XulAZRQJ17FYGGzWne0fgrXBKpl7l4M87Hg==",
            "dev": true,
            "optional": true
        },
        "@biomejs/cli-win32-x64": {
            "version": "1.9.4",
            "resolved": "https://registry.npmjs.org/@biomejs/cli-win32-x64/-/cli-win32-x64-1.9.4.tgz",
            "integrity": "sha512-8Y5wMhVIPaWe6jw2H+KlEm4wP/f7EW3810ZLmDlrEEy5KvBsb9ECEfu/kMWD484ijfQ8+nIi0giMgu9g1UAuuA==",
            "dev": true,
            "optional": true
        }
    }
}
